
Microsoft Visual Studio Solution File, Format Version 12.00
# Visual Studio Version 17
VisualStudioVersion = 17.2.32519.379
MinimumVisualStudioVersion = 10.0.40219.1
Project("{FAE04EC0-301F-11D3-BF4B-00C04F79EFBC}") = "CurrencyConverter", "CurrencyConverter.csproj", "{85865B0C-7815-49CF-86A2-C231B4540309}"
EndProject
Global
	GlobalSection(SolutionConfigurationPlatforms) = preSolution
		Debug|Any CPU = Debug|Any CPU
		Release|Any CPU = Release|Any CPU
	EndGlobalSection
	GlobalSection(ProjectConfigurationPlatforms) = postSolution
		{85865B0C-7815-49CF-86A2-C231B4540309}.Debug|Any CPU.ActiveCfg = Debug|Any CPU
		{85865B0C-7815-49CF-86A2-C231B4540309}.Debug|Any CPU.Build.0 = Debug|Any CPU
		{85865B0C-7815-49CF-86A2-C231B4540309}.Release|Any CPU.ActiveCfg = Release|Any CPU
		{85865B0C-7815-49CF-86A2-C231B4540309}.Release|Any CPU.Build.0 = Release|Any CPU
	EndGlobalSection
	GlobalSection(SolutionProperties) = preSolution
		HideSolutionNode = FALSE
	EndGlobalSection
	GlobalSection(ExtensibilityGlobals) = postSolution
		SolutionGuid = {F79C3FB9-1C99-4F13-B8D4-8B3279E0936E}
	EndGlobalSection
EndGlobal
